// !$*UTF8*$!
{
	archiveVersion = 1;
	classes = {
	};
	objectVersion = 77;
	objects = {

/* Begin PBXContainerItemProxy section */
		158911B02E72142000A2C28B /* PBXContainerItemProxy */ = {
			isa = PBXContainerItemProxy;
			containerPortal = 1589119A2E72141E00A2C28B /* Project object */;
			proxyType = 1;
			remoteGlobalIDString = 158911A12E72141E00A2C28B;
			remoteInfo = EspressFlowCV;
		};
		158911BA2E72142000A2C28B /* PBXContainerItemProxy */ = {
			isa = PBXContainerItemProxy;
			containerPortal = 1589119A2E72141E00A2C28B /* Project object */;
			proxyType = 1;
			remoteGlobalIDString = 158911A12E72141E00A2C28B;
			remoteInfo = EspressFlowCV;
		};
/* End PBXContainerItemProxy section */

/* Begin PBXFileReference section */
		158911A22E72141E00A2C28B /* EspressFlowCV.app */ = {isa = PBXFileReference; explicitFileType = wrapper.application; includeInIndex = 0; path = EspressFlowCV.app; sourceTree = BUILT_PRODUCTS_DIR; };
		158911AF2E72142000A2C28B /* EspressFlowCVTests.xctest */ = {isa = PBXFileReference; explicitFileType = wrapper.cfbundle; includeInIndex = 0; path = EspressFlowCVTests.xctest; sourceTree = BUILT_PRODUCTS_DIR; };
		158911B92E72142000A2C28B /* EspressFlowCVUITests.xctest */ = {isa = PBXFileReference; explicitFileType = wrapper.cfbundle; includeInIndex = 0; path = EspressFlowCVUITests.xctest; sourceTree = BUILT_PRODUCTS_DIR; };
/* End PBXFileReference section */

/* Begin PBXFileSystemSynchronizedRootGroup section */
		158911A42E72141E00A2C28B /* EspressFlowCV */ = {
			isa = PBXFileSystemSynchronizedRootGroup;
			path = EspressFlowCV;
			sourceTree = "<group>";
		};
		158911B22E72142000A2C28B /* EspressFlowCVTests */ = {
			isa = PBXFileSystemSynchronizedRootGroup;
			path = EspressFlowCVTests;
			sourceTree = "<group>";
		};
		158911BC2E72142000A2C28B /* EspressFlowCVUITests */ = {
			isa = PBXFileSystemSynchronizedRootGroup;
			path = EspressFlowCVUITests;
			sourceTree = "<group>";
		};
/* End PBXFileSystemSynchronizedRootGroup section */

/* Begin PBXFrameworksBuildPhase section */
		1589119F2E72141E00A2C28B /* Frameworks */ = {
			isa = PBXFrameworksBuildPhase;
			buildActionMask = 2147483647;
			files = (
			);
			runOnlyForDeploymentPostprocessing = 0;
		};
		158911AC2E72142000A2C28B /* Frameworks */ = {
			isa = PBXFrameworksBuildPhase;
			buildActionMask = 2147483647;
			files = (
			);
			runOnlyForDeploymentPostprocessing = 0;
		};
		158911B62E72142000A2C28B /* Frameworks */ = {
			isa = PBXFrameworksBuildPhase;
			buildActionMask = 2147483647;
			files = (
			);
			runOnlyForDeploymentPostprocessing = 0;
		};
/* End PBXFrameworksBuildPhase section */

/* Begin PBXGroup section */
		158911992E72141E00A2C28B = {
			isa = PBXGroup;
			children = (
				158911A42E72141E00A2C28B /* EspressFlowCV */,
				158911B22E72142000A2C28B /* EspressFlowCVTests */,
				158911BC2E72142000A2C28B /* EspressFlowCVUITests */,
				158911A32E72141E00A2C28B /* Products */,
			);
			sourceTree = "<group>";
		};
		158911A32E72141E00A2C28B /* Products */ = {
			isa = PBXGroup;
			children = (
				158911A22E72141E00A2C28B /* EspressFlowCV.app */,
				158911AF2E72142000A2C28B /* EspressFlowCVTests.xctest */,
				158911B92E72142000A2C28B /* EspressFlowCVUITests.xctest */,
			);
			name = Products;
			sourceTree = "<group>";
		};
/* End PBXGroup section */

/* Begin PBXNativeTarget section */
		158911A12E72141E00A2C28B /* EspressFlowCV */ = {
			isa = PBXNativeTarget;
			buildConfigurationList = 158911C32E72142000A2C28B /* Build configuration list for PBXNativeTarget "EspressFlowCV" */;
			buildPhases = (
				1589119E2E72141E00A2C28B /* Sources */,
				1589119F2E72141E00A2C28B /* Frameworks */,
				158911A02E72141E00A2C28B /* Resources */,
			);
			buildRules = (
			);
			dependencies = (
			);
			fileSystemSynchronizedGroups = (
				158911A42E72141E00A2C28B /* EspressFlowCV */,
			);
			name = EspressFlowCV;
			packageProductDependencies = (
			);
			productName = EspressFlowCV;
			productReference = 158911A22E72141E00A2C28B /* EspressFlowCV.app */;
			productType = "com.apple.product-type.application";
		};
		158911AE2E72142000A2C28B /* EspressFlowCVTests */ = {
			isa = PBXNativeTarget;
			buildConfigurationList = 158911C62E72142000A2C28B /* Build configuration list for PBXNativeTarget "EspressFlowCVTests" */;
			buildPhases = (
				158911AB2E72142000A2C28B /* Sources */,
				158911AC2E72142000A2C28B /* Frameworks */,
				158911AD2E72142000A2C28B /* Resources */,
			);
			buildRules = (
			);
			dependencies = (
				158911B12E72142000A2C28B /* PBXTargetDependency */,
			);
			fileSystemSynchronizedGroups = (
				158911B22E72142000A2C28B /* EspressFlowCVTests */,
			);
			name = EspressFlowCVTests;
			packageProductDependencies = (
			);
			productName = EspressFlowCVTests;
			productReference = 158911AF2E72142000A2C28B /* EspressFlowCVTests.xctest */;
			productType = "com.apple.product-type.bundle.unit-test";
		};
		158911B82E72142000A2C28B /* EspressFlowCVUITests */ = {
			isa = PBXNativeTarget;
			buildConfigurationList = 158911C92E72142000A2C28B /* Build configuration list for PBXNativeTarget "EspressFlowCVUITests" */;
			buildPhases = (
				158911B52E72142000A2C28B /* Sources */,
				158911B62E72142000A2C28B /* Frameworks */,
				158911B72E72142000A2C28B /* Resources */,
			);
			buildRules = (
			);
			dependencies = (
				158911BB2E72142000A2C28B /* PBXTargetDependency */,
			);
			fileSystemSynchronizedGroups = (
				158911BC2E72142000A2C28B /* EspressFlowCVUITests */,
			);
			name = EspressFlowCVUITests;
			packageProductDependencies = (
			);
			productName = EspressFlowCVUITests;
			productReference = 158911B92E72142000A2C28B /* EspressFlowCVUITests.xctest */;
			productType = "com.apple.product-type.bundle.ui-testing";
		};
/* End PBXNativeTarget section */

/* Begin PBXProject section */
		1589119A2E72141E00A2C28B /* Project object */ = {
			isa = PBXProject;
			attributes = {
				BuildIndependentTargetsInParallel = 1;
				LastSwiftUpdateCheck = 1640;
				LastUpgradeCheck = 1640;
				TargetAttributes = {
					158911A12E72141E00A2C28B = {
						CreatedOnToolsVersion = 16.4;
					};
					158911AE2E72142000A2C28B = {
						CreatedOnToolsVersion = 16.4;
						TestTargetID = 158911A12E72141E00A2C28B;
					};
					158911B82E72142000A2C28B = {
						CreatedOnToolsVersion = 16.4;
						TestTargetID = 158911A12E72141E00A2C28B;
					};
				};
			};
			buildConfigurationList = 1589119D2E72141E00A2C28B /* Build configuration list for PBXProject "EspressFlowCV" */;
			developmentRegion = en;
			hasScannedForEncodings = 0;
			knownRegions = (
				en,
				Base,
			);
			mainGroup = 158911992E72141E00A2C28B;
			minimizedProjectReferenceProxies = 1;
			preferredProjectObjectVersion = 77;
			productRefGroup = 158911A32E72141E00A2C28B /* Products */;
			projectDirPath = "";
			projectRoot = "";
			targets = (
				158911A12E72141E00A2C28B /* EspressFlowCV */,
				158911AE2E72142000A2C28B /* EspressFlowCVTests */,
				158911B82E72142000A2C28B /* EspressFlowCVUITests */,
			);
		};
/* End PBXProject section */

/* Begin PBXResourcesBuildPhase section */
		158911A02E72141E00A2C28B /* Resources */ = {
			isa = PBXResourcesBuildPhase;
			buildActionMask = 2147483647;
			files = (
			);
			runOnlyForDeploymentPostprocessing = 0;
		};
		158911AD2E72142000A2C28B /* Resources */ = {
			isa = PBXResourcesBuildPhase;
			buildActionMask = 2147483647;
			files = (
			);
			runOnlyForDeploymentPostprocessing = 0;
		};
		158911B72E72142000A2C28B /* Resources */ = {
			isa = PBXResourcesBuildPhase;
			buildActionMask = 2147483647;
			files = (
			);
			runOnlyForDeploymentPostprocessing = 0;
		};
/* End PBXResourcesBuildPhase section */

/* Begin PBXSourcesBuildPhase section */
		1589119E2E72141E00A2C28B /* Sources */ = {
			isa = PBXSourcesBuildPhase;
			buildActionMask = 2147483647;
			files = (
			);
			runOnlyForDeploymentPostprocessing = 0;
		};
		158911AB2E72142000A2C28B /* Sources */ = {
			isa = PBXSourcesBuildPhase;
			buildActionMask = 2147483647;
			files = (
			);
			runOnlyForDeploymentPostprocessing = 0;
		};
		158911B52E72142000A2C28B /* Sources */ = {
			isa = PBXSourcesBuildPhase;
			buildActionMask = 2147483647;
			files = (
			);
			runOnlyForDeploymentPostprocessing = 0;
		};
/* End PBXSourcesBuildPhase section */

/* Begin PBXTargetDependency section */
		158911B12E72142000A2C28B /* PBXTargetDependency */ = {
			isa = PBXTargetDependency;
			target = 158911A12E72141E00A2C28B /* EspressFlowCV */;
			targetProxy = 158911B02E72142000A2C28B /* PBXContainerItemProxy */;
		};
		158911BB2E72142000A2C28B /* PBXTargetDependency */ = {
			isa = PBXTargetDependency;
			target = 158911A12E72141E00A2C28B /* EspressFlowCV */;
			targetProxy = 158911BA2E72142000A2C28B /* PBXContainerItemProxy */;
		};
/* End PBXTargetDependency section */

/* Begin XCBuildConfiguration section */
		158911C12E72142000A2C28B /* Debug */ = {
			isa = XCBuildConfiguration;
			buildSettings = {
				ALWAYS_SEARCH_USER_PATHS = NO;
				ASSETCATALOG_COMPILER_GENERATE_SWIFT_ASSET_SYMBOL_EXTENSIONS = YES;
				CLANG_ANALYZER_NONNULL = YES;
				CLANG_ANALYZER_NUMBER_OBJECT_CONVERSION = YES_AGGRESSIVE;
				CLANG_CXX_LANGUAGE_STANDARD = "gnu++20";
				CLANG_ENABLE_MODULES = YES;
				CLANG_ENABLE_OBJC_ARC = YES;
				CLANG_ENABLE_OBJC_WEAK = YES;
				CLANG_WARN_BLOCK_CAPTURE_AUTORELEASING = YES;
				CLANG_WARN_BOOL_CONVERSION = YES;
				CLANG_WARN_COMMA = YES;
				CLANG_WARN_CONSTANT_CONVERSION = YES;
				CLANG_WARN_DEPRECATED_OBJC_IMPLEMENTATIONS = YES;
				CLANG_WARN_DIRECT_OBJC_ISA_USAGE = YES_ERROR;
				CLANG_WARN_DOCUMENTATION_COMMENTS = YES;
				CLANG_WARN_EMPTY_BODY = YES;
				CLANG_WARN_ENUM_CONVERSION = YES;
				CLANG_WARN_INFINITE_RECURSION = YES;
				CLANG_WARN_INT_CONVERSION = YES;
				CLANG_WARN_NON_LITERAL_NULL_CONVERSION = YES;
				CLANG_WARN_OBJC_IMPLICIT_RETAIN_SELF = YES;
				CLANG_WARN_OBJC_LITERAL_CONVERSION = YES;
				CLANG_WARN_OBJC_ROOT_CLASS = YES_ERROR;
				CLANG_WARN_QUOTED_INCLUDE_IN_FRAMEWORK_HEADER = YES;
				CLANG_WARN_RANGE_LOOP_ANALYSIS = YES;
				CLANG_WARN_STRICT_PROTOTYPES = YES;
				CLANG_WARN_SUSPICIOUS_MOVE = YES;
				CLANG_WARN_UNGUARDED_AVAILABILITY = YES_AGGRESSIVE;
				CLANG_WARN_UNREACHABLE_CODE = YES;
				CLANG_WARN__DUPLICATE_METHOD_MATCH = YES;
				COPY_PHASE_STRIP = NO;
				DEBUG_INFORMATION_FORMAT = dwarf;
				DEVELOPMENT_TEAM = G7XC2VK67M;
				ENABLE_STRICT_OBJC_MSGSEND = YES;
				ENABLE_TESTABILITY = YES;
				ENABLE_USER_SCRIPT_SANDBOXING = YES;
				GCC_C_LANGUAGE_STANDARD = gnu17;
				GCC_DYNAMIC_NO_PIC = NO;
				GCC_NO_COMMON_BLOCKS = YES;
				GCC_OPTIMIZATION_LEVEL = 0;
				GCC_PREPROCESSOR_DEFINITIONS = (
					"DEBUG=1",
					"$(inherited)",
				);
				GCC_WARN_64_TO_32_BIT_CONVERSION = YES;
				GCC_WARN_ABOUT_RETURN_TYPE = YES_ERROR;
				GCC_WARN_UNDECLARED_SELECTOR = YES;
				GCC_WARN_UNINITIALIZED_AUTOS = YES_AGGRESSIVE;
				GCC_WARN_UNUSED_FUNCTION = YES;
				GCC_WARN_UNUSED_VARIABLE = YES;
				IPHONEOS_DEPLOYMENT_TARGET = 18.5;
				LOCALIZATION_PREFERS_STRING_CATALOGS = YES;
				MTL_ENABLE_DEBUG_INFO = INCLUDE_SOURCE;
				MTL_FAST_MATH = YES;
				ONLY_ACTIVE_ARCH = YES;
				SDKROOT = iphoneos;
				SWIFT_ACTIVE_COMPILATION_CONDITIONS = "DEBUG $(inherited)";
				SWIFT_OPTIMIZATION_LEVEL = "-Onone";
			};
			name = Debug;
		};
		158911C22E72142000A2C28B /* Release */ = {
			isa = XCBuildConfiguration;
			buildSettings = {
				ALWAYS_SEARCH_USER_PATHS = NO;
				ASSETCATALOG_COMPILER_GENERATE_SWIFT_ASSET_SYMBOL_EXTENSIONS = YES;
				CLANG_ANALYZER_NONNULL = YES;
				CLANG_ANALYZER_NUMBER_OBJECT_CONVERSION = YES_AGGRESSIVE;
				CLANG_CXX_LANGUAGE_STANDARD = "gnu++20";
				CLANG_ENABLE_MODULES = YES;
				CLANG_ENABLE_OBJC_ARC = YES;
				CLANG_ENABLE_OBJC_WEAK = YES;
				CLANG_WARN_BLOCK_CAPTURE_AUTORELEASING = YES;
				CLANG_WARN_BOOL_CONVERSION = YES;
				CLANG_WARN_COMMA = YES;
				CLANG_WARN_CONSTANT_CONVERSION = YES;
				CLANG_WARN_DEPRECATED_OBJC_IMPLEMENTATIONS = YES;
				CLANG_WARN_DIRECT_OBJC_ISA_USAGE = YES_ERROR;
				CLANG_WARN_DOCUMENTATION_COMMENTS = YES;
				CLANG_WARN_EMPTY_BODY = YES;
				CLANG_WARN_ENUM_CONVERSION = YES;
				CLANG_WARN_INFINITE_RECURSION = YES;
				CLANG_WARN_INT_CONVERSION = YES;
				CLANG_WARN_NON_LITERAL_NULL_CONVERSION = YES;
				CLANG_WARN_OBJC_IMPLICIT_RETAIN_SELF = YES;
				CLANG_WARN_OBJC_LITERAL_CONVERSION = YES;
				CLANG_WARN_OBJC_ROOT_CLASS = YES_ERROR;
				CLANG_WARN_QUOTED_INCLUDE_IN_FRAMEWORK_HEADER = YES;
				CLANG_WARN_RANGE_LOOP_ANALYSIS = YES;
				CLANG_WARN_STRICT_PROTOTYPES = YES;
				CLANG_WARN_SUSPICIOUS_MOVE = YES;
				CLANG_WARN_UNGUARDED_AVAILABILITY = YES_AGGRESSIVE;
				CLANG_WARN_UNREACHABLE_CODE = YES;
				CLANG_WARN__DUPLICATE_METHOD_MATCH = YES;
				COPY_PHASE_STRIP = NO;
				DEBUG_INFORMATION_FORMAT = "dwarf-with-dsym";
				DEVELOPMENT_TEAM = G7XC2VK67M;
				ENABLE_NS_ASSERTIONS = NO;
				ENABLE_STRICT_OBJC_MSGSEND = YES;
				ENABLE_USER_SCRIPT_SANDBOXING = YES;
				GCC_C_LANGUAGE_STANDARD = gnu17;
				GCC_NO_COMMON_BLOCKS = YES;
				GCC_WARN_64_TO_32_BIT_CONVERSION = YES;
				GCC_WARN_ABOUT_RETURN_TYPE = YES_ERROR;
				GCC_WARN_UNDECLARED_SELECTOR = YES;
				GCC_WARN_UNINITIALIZED_AUTOS = YES_AGGRESSIVE;
				GCC_WARN_UNUSED_FUNCTION = YES;
				GCC_WARN_UNUSED_VARIABLE = YES;
				IPHONEOS_DEPLOYMENT_TARGET = 18.5;
				LOCALIZATION_PREFERS_STRING_CATALOGS = YES;
				MTL_ENABLE_DEBUG_INFO = NO;
				MTL_FAST_MATH = YES;
				SDKROOT = iphoneos;
				SWIFT_COMPILATION_MODE = wholemodule;
				VALIDATE_PRODUCT = YES;
			};
			name = Release;
		};
		158911C42E72142000A2C28B /* Debug */ = {
			isa = XCBuildConfiguration;
			buildSettings = {
				ASSETCATALOG_COMPILER_APPICON_NAME = AppIcon;
				ASSETCATALOG_COMPILER_GLOBAL_ACCENT_COLOR_NAME = AccentColor;
				CODE_SIGN_STYLE = Automatic;
				CURRENT_PROJECT_VERSION = 2;
				DEVELOPMENT_TEAM = G7XC2VK67M;
				ENABLE_PREVIEWS = YES;
				GENERATE_INFOPLIST_FILE = YES;
				INFOPLIST_KEY_CFBundleDisplayName = EspressFlowCV;
				INFOPLIST_KEY_LSApplicationCategoryType = "public.app-category.food-and-drink";
				INFOPLIST_KEY_NSCameraUsageDescription = "EspressFlowCV needs camera access to record and analyze your espresso shots for extraction quality analysis.";
				INFOPLIST_KEY_NSMicrophoneUsageDescription = "EspressFlowCV needs microphone access to record video with audio for your espresso shot analysis.";
				INFOPLIST_KEY_UIApplicationSceneManifest_Generation = YES;
				INFOPLIST_KEY_UIApplicationSupportsIndirectInputEvents = YES;
				INFOPLIST_KEY_UILaunchScreen_Generation = YES;
				INFOPLIST_KEY_UISupportedInterfaceOrientations = "UIInterfaceOrientationLandscapeLeft UIInterfaceOrientationLandscapeRight UIInterfaceOrientationPortrait";
				INFOPLIST_KEY_UISupportedInterfaceOrientations_iPad = "UIInterfaceOrientationLandscapeLeft UIInterfaceOrientationLandscapeRight";
				IPHONEOS_DEPLOYMENT_TARGET = 16.0;
				LD_RUNPATH_SEARCH_PATHS = (
					"$(inherited)",
					"@executable_path/Frameworks",
				);
				MARKETING_VERSION = 1.1;
				PRODUCT_BUNDLE_IDENTIFIER = Ani.EspressFlowCV;
				PRODUCT_NAME = "$(TARGET_NAME)";
				SUPPORTED_PLATFORMS = "iphoneos iphonesimulator";
				SUPPORTS_MACCATALYST = NO;
				SUPPORTS_MAC_DESIGNED_FOR_IPHONE_IPAD = NO;
				SUPPORTS_XR_DESIGNED_FOR_IPHONE_IPAD = NO;
				SWIFT_EMIT_LOC_STRINGS = YES;
				SWIFT_VERSION = 5.0;
				TARGETED_DEVICE_FAMILY = 1;
			};
			name = Debug;
		};
		158911C52E72142000A2C28B /* Release */ = {
			isa = XCBuildConfiguration;
			buildSettings = {
				ASSETCATALOG_COMPILER_APPICON_NAME = AppIcon;
				ASSETCATALOG_COMPILER_GLOBAL_ACCENT_COLOR_NAME = AccentColor;
				CODE_SIGN_STYLE = Automatic;
				CURRENT_PROJECT_VERSION = 2;
				DEVELOPMENT_TEAM = G7XC2VK67M;
				ENABLE_PREVIEWS = YES;
				GENERATE_INFOPLIST_FILE = YES;
				INFOPLIST_KEY_CFBundleDisplayName = EspressFlowCV;
				INFOPLIST_KEY_LSApplicationCategoryType = "public.app-category.food-and-drink";
				INFOPLIST_KEY_NSCameraUsageDescription = "EspressFlowCV needs camera access to record and analyze your espresso shots for extraction quality analysis.";
				INFOPLIST_KEY_NSMicrophoneUsageDescription = "EspressFlowCV needs microphone access to record video with audio for your espresso shot analysis.";
				INFOPLIST_KEY_UIApplicationSceneManifest_Generation = YES;
				INFOPLIST_KEY_UIApplicationSupportsIndirectInputEvents = YES;
				INFOPLIST_KEY_UILaunchScreen_Generation = YES;
				INFOPLIST_KEY_UISupportedInterfaceOrientations = "UIInterfaceOrientationLandscapeLeft UIInterfaceOrientationLandscapeRight UIInterfaceOrientationPortrait";
				INFOPLIST_KEY_UISupportedInterfaceOrientations_iPad = "UIInterfaceOrientationLandscapeLeft UIInterfaceOrientationLandscapeRight";
				IPHONEOS_DEPLOYMENT_TARGET = 16.0;
				LD_RUNPATH_SEARCH_PATHS = (
					"$(inherited)",
					"@executable_path/Frameworks",
				);
				MARKETING_VERSION = 1.1;
				PRODUCT_BUNDLE_IDENTIFIER = Ani.EspressFlowCV;
				PRODUCT_NAME = "$(TARGET_NAME)";
				SUPPORTED_PLATFORMS = "iphoneos iphonesimulator";
				SUPPORTS_MACCATALYST = NO;
				SUPPORTS_MAC_DESIGNED_FOR_IPHONE_IPAD = NO;
				SUPPORTS_XR_DESIGNED_FOR_IPHONE_IPAD = NO;
				SWIFT_EMIT_LOC_STRINGS = YES;
				SWIFT_VERSION = 5.0;
				TARGETED_DEVICE_FAMILY = 1;
			};
			name = Release;
		};
		158911C72E72142000A2C28B /* Debug */ = {
			isa = XCBuildConfiguration;
			buildSettings = {
				BUNDLE_LOADER = "$(TEST_HOST)";
				CODE_SIGN_STYLE = Automatic;
				CURRENT_PROJECT_VERSION = 1;
				DEVELOPMENT_TEAM = G7XC2VK67M;
				GENERATE_INFOPLIST_FILE = YES;
				IPHONEOS_DEPLOYMENT_TARGET = 18.5;
				MARKETING_VERSION = 1.0;
				PRODUCT_BUNDLE_IDENTIFIER = Ani.EspressFlowCVTests;
				PRODUCT_NAME = "$(TARGET_NAME)";
				SWIFT_EMIT_LOC_STRINGS = NO;
				SWIFT_VERSION = 5.0;
				TARGETED_DEVICE_FAMILY = "1,2";
				TEST_HOST = "$(BUILT_PRODUCTS_DIR)/EspressFlowCV.app/$(BUNDLE_EXECUTABLE_FOLDER_PATH)/EspressFlowCV";
			};
			name = Debug;
		};
		158911C82E72142000A2C28B /* Release */ = {
			isa = XCBuildConfiguration;
			buildSettings = {
				BUNDLE_LOADER = "$(TEST_HOST)";
				CODE_SIGN_STYLE = Automatic;
				CURRENT_PROJECT_VERSION = 1;
				DEVELOPMENT_TEAM = G7XC2VK67M;
				GENERATE_INFOPLIST_FILE = YES;
				IPHONEOS_DEPLOYMENT_TARGET = 18.5;
				MARKETING_VERSION = 1.0;
				PRODUCT_BUNDLE_IDENTIFIER = Ani.EspressFlowCVTests;
				PRODUCT_NAME = "$(TARGET_NAME)";
				SWIFT_EMIT_LOC_STRINGS = NO;
				SWIFT_VERSION = 5.0;
				TARGETED_DEVICE_FAMILY = "1,2";
				TEST_HOST = "$(BUILT_PRODUCTS_DIR)/EspressFlowCV.app/$(BUNDLE_EXECUTABLE_FOLDER_PATH)/EspressFlowCV";
			};
			name = Release;
		};
		158911CA2E72142000A2C28B /* Debug */ = {
			isa = XCBuildConfiguration;
			buildSettings = {
				CODE_SIGN_STYLE = Automatic;
				CURRENT_PROJECT_VERSION = 1;
				DEVELOPMENT_TEAM = G7XC2VK67M;
				GENERATE_INFOPLIST_FILE = YES;
				MARKETING_VERSION = 1.0;
				PRODUCT_BUNDLE_IDENTIFIER = Ani.EspressFlowCVUITests;
				PRODUCT_NAME = "$(TARGET_NAME)";
				SWIFT_EMIT_LOC_STRINGS = NO;
				SWIFT_VERSION = 5.0;
				TARGETED_DEVICE_FAMILY = "1,2";
				TEST_TARGET_NAME = EspressFlowCV;
			};
			name = Debug;
		};
		158911CB2E72142000A2C28B /* Release */ = {
			isa = XCBuildConfiguration;
			buildSettings = {
				CODE_SIGN_STYLE = Automatic;
				CURRENT_PROJECT_VERSION = 1;
				DEVELOPMENT_TEAM = G7XC2VK67M;
				GENERATE_INFOPLIST_FILE = YES;
				MARKETING_VERSION = 1.0;
				PRODUCT_BUNDLE_IDENTIFIER = Ani.EspressFlowCVUITests;
				PRODUCT_NAME = "$(TARGET_NAME)";
				SWIFT_EMIT_LOC_STRINGS = NO;
				SWIFT_VERSION = 5.0;
				TARGETED_DEVICE_FAMILY = "1,2";
				TEST_TARGET_NAME = EspressFlowCV;
			};
			name = Release;
		};
/* End XCBuildConfiguration section */

/* Begin XCConfigurationList section */
		1589119D2E72141E00A2C28B /* Build configuration list for PBXProject "EspressFlowCV" */ = {
			isa = XCConfigurationList;
			buildConfigurations = (
				158911C12E72142000A2C28B /* Debug */,
				158911C22E72142000A2C28B /* Release */,
			);
			defaultConfigurationIsVisible = 0;
			defaultConfigurationName = Release;
		};
		158911C32E72142000A2C28B /* Build configuration list for PBXNativeTarget "EspressFlowCV" */ = {
			isa = XCConfigurationList;
			buildConfigurations = (
				158911C42E72142000A2C28B /* Debug */,
				158911C52E72142000A2C28B /* Release */,
			);
			defaultConfigurationIsVisible = 0;
			defaultConfigurationName = Release;
		};
		158911C62E72142000A2C28B /* Build configuration list for PBXNativeTarget "EspressFlowCVTests" */ = {
			isa = XCConfigurationList;
			buildConfigurations = (
				158911C72E72142000A2C28B /* Debug */,
				158911C82E72142000A2C28B /* Release */,
			);
			defaultConfigurationIsVisible = 0;
			defaultConfigurationName = Release;
		};
		158911C92E72142000A2C28B /* Build configuration list for PBXNativeTarget "EspressFlowCVUITests" */ = {
			isa = XCConfigurationList;
			buildConfigurations = (
				158911CA2E72142000A2C28B /* Debug */,
				158911CB2E72142000A2C28B /* Release */,
			);
			defaultConfigurationIsVisible = 0;
			defaultConfigurationName = Release;
		};
/* End XCConfigurationList section */
	};
	rootObject = 1589119A2E72141E00A2C28B /* Project object */;
}
